
Microsoft Visual Studio Solution File, Format Version 12.00
# Visual Studio Version 17
VisualStudioVersion = 17.7.34202.233
MinimumVisualStudioVersion = 10.0.40219.1
Project("{FAE04EC0-301F-11D3-BF4B-00C04F79EFBC}") = "May cham cong", "May cham cong\May cham cong.csproj", "{8F8B98D4-736C-404B-BA9F-96BA59CCB963}"
EndProject
Global
	GlobalSection(SolutionConfigurationPlatforms) = preSolution
		Debug|Any CPU = Debug|Any CPU
		Release|Any CPU = Release|Any CPU
	EndGlobalSection
	GlobalSection(ProjectConfigurationPlatforms) = postSolution
		{8F8B98D4-736C-404B-BA9F-96BA59CCB963}.Debug|Any CPU.ActiveCfg = Debug|Any CPU
		{8F8B98D4-736C-404B-BA9F-96BA59CCB963}.Debug|Any CPU.Build.0 = Debug|Any CPU
		{8F8B98D4-736C-404B-BA9F-96BA59CCB963}.Release|Any CPU.ActiveCfg = Release|Any CPU
		{8F8B98D4-736C-404B-BA9F-96BA59CCB963}.Release|Any CPU.Build.0 = Release|Any CPU
	EndGlobalSection
	GlobalSection(SolutionProperties) = preSolution
		HideSolutionNode = FALSE
	EndGlobalSection
	GlobalSection(ExtensibilityGlobals) = postSolution
		SolutionGuid = {1F530DB5-A74A-4AF5-9905-3A1BB86C784D}
	EndGlobalSection
EndGlobal
